
Microsoft Visual Studio Solution File, Format Version 12.00
# Visual Studio Version 16
VisualStudioVersion = 16.0.29009.5
MinimumVisualStudioVersion = 10.0.40219.1
Project("{9A19103F-16F7-4668-BE54-9A1E7A4F7556}") = "TibekBlog", "TibekBlog\TibekBlog.csproj", "{4E752D91-CDD6-478E-A600-1176E6420A0F}"
EndProject
Global
	GlobalSection(SolutionConfigurationPlatforms) = preSolution
		Debug|Any CPU = Debug|Any CPU
		Release|Any CPU = Release|Any CPU
	EndGlobalSection
	GlobalSection(ProjectConfigurationPlatforms) = postSolution
		{4E752D91-CDD6-478E-A600-1176E6420A0F}.Debug|Any CPU.ActiveCfg = Debug|Any CPU
		{4E752D91-CDD6-478E-A600-1176E6420A0F}.Debug|Any CPU.Build.0 = Debug|Any CPU
		{4E752D91-CDD6-478E-A600-1176E6420A0F}.Release|Any CPU.ActiveCfg = Release|Any CPU
		{4E752D91-CDD6-478E-A600-1176E6420A0F}.Release|Any CPU.Build.0 = Release|Any CPU
	EndGlobalSection
	GlobalSection(SolutionProperties) = preSolution
		HideSolutionNode = FALSE
	EndGlobalSection
	GlobalSection(ExtensibilityGlobals) = postSolution
		SolutionGuid = {22719EF9-0744-4137-B15F-395C1E27ECD1}
	EndGlobalSection
EndGlobal
